{
  "name": "exoscale-sos-content-lenght-issue",
  "version": "1.0.0",
  "lockfileVersion": 3,
  "requires": true,
  "packages": {
    "": {
      "name": "exoscale-sos-content-lenght-issue",
      "version": "1.0.0",
      "license": "ISC",
      "dependencies": {
        "@aws-sdk/hash-node": "^3.370.0",
        "@aws-sdk/protocol-http": "^3.370.0",
        "@aws-sdk/s3-request-presigner": "^3.370.0",
        "@logi.one/rest-client": "^0.2.4"
      }
    },
    "node_modules/@aws-crypto/crc32": {
      "version": "3.0.0",
      "resolved": "https://registry.npmjs.org/@aws-crypto/crc32/-/crc32-3.0.0.tgz",
      "integrity": "sha512-IzSgsrxUcsrejQbPVilIKy16kAT52EwB6zSaI+M3xxIhKh5+aldEyvI+z6erM7TCLB2BJsFrtHjp6/4/sr+3dA==",
      "dependencies": {
        "@aws-crypto/util": "^3.0.0",
        "@aws-sdk/types": "^3.222.0",
        "tslib": "^1.11.1"
      }
    },
    "node_modules/@aws-crypto/crc32/node_modules/tslib": {
      "version": "1.14.1",
      "resolved": "https://registry.npmjs.org/tslib/-/tslib-1.14.1.tgz",
      "integrity": "sha512-Xni35NKzjgMrwevysHTCArtLDpPvye8zV/0E4EyYn43P7/7qvQwPh9BGkHewbMulVntbigmcT7rdX3BNo9wRJg=="
    },
    "node_modules/@aws-crypto/util": {
      "version": "3.0.0",
      "resolved": "https://registry.npmjs.org/@aws-crypto/util/-/util-3.0.0.tgz",
      "integrity": "sha512-2OJlpeJpCR48CC8r+uKVChzs9Iungj9wkZrl8Z041DWEWvyIHILYKCPNzJghKsivj+S3mLo6BVc7mBNzdxA46w==",
      "dependencies": {
        "@aws-sdk/types": "^3.222.0",
        "@aws-sdk/util-utf8-browser": "^3.0.0",
        "tslib": "^1.11.1"
      }
    },
    "node_modules/@aws-crypto/util/node_modules/tslib": {
      "version": "1.14.1",
      "resolved": "https://registry.npmjs.org/tslib/-/tslib-1.14.1.tgz",
      "integrity": "sha512-Xni35NKzjgMrwevysHTCArtLDpPvye8zV/0E4EyYn43P7/7qvQwPh9BGkHewbMulVntbigmcT7rdX3BNo9wRJg=="
    },
    "node_modules/@aws-sdk/hash-node": {
      "version": "3.370.0",
      "resolved": "https://registry.npmjs.org/@aws-sdk/hash-node/-/hash-node-3.370.0.tgz",
      "integrity": "sha512-0hpiWn4rCvXrqQj+LQiiXOpf5YaPphZX5pX6XI79QBHI4b1rUwoS4reobXvecTMb6uN39HTXA8dE7ZPeAej8dg==",
      "dependencies": {
        "@aws-sdk/types": "3.370.0",
        "@aws-sdk/util-buffer-from": "3.310.0",
        "@aws-sdk/util-utf8": "3.310.0",
        "tslib": "^2.5.0"
      },
      "engines": {
        "node": ">=14.0.0"
      }
    },
    "node_modules/@aws-sdk/is-array-buffer": {
      "version": "3.310.0",
      "resolved": "https://registry.npmjs.org/@aws-sdk/is-array-buffer/-/is-array-buffer-3.310.0.tgz",
      "integrity": "sha512-urnbcCR+h9NWUnmOtet/s4ghvzsidFmspfhYaHAmSRdy9yDjdjBJMFjjsn85A1ODUktztm+cVncXjQ38WCMjMQ==",
      "dependencies": {
        "tslib": "^2.5.0"
      },
      "engines": {
        "node": ">=14.0.0"
      }
    },
    "node_modules/@aws-sdk/protocol-http": {
      "version": "3.370.0",
      "resolved": "https://registry.npmjs.org/@aws-sdk/protocol-http/-/protocol-http-3.370.0.tgz",
      "integrity": "sha512-MfZCgSsVmir+4kJps7xT0awOPNi+swBpcVp9ZtAP7POduUVV6zVLurMNLXsppKsErggssD5E9HUgQFs5w06U4Q==",
      "dependencies": {
        "@aws-sdk/types": "3.370.0",
        "tslib": "^2.5.0"
      },
      "engines": {
        "node": ">=14.0.0"
      }
    },
    "node_modules/@aws-sdk/s3-request-presigner": {
      "version": "3.370.0",
      "resolved": "https://registry.npmjs.org/@aws-sdk/s3-request-presigner/-/s3-request-presigner-3.370.0.tgz",
      "integrity": "sha512-ilTf+Q3nEKBd6soJo8cAGDCoRV6ggLYxUHqLyVXreMsio9rog7H2ePbFtO9gtbwUGR46gqgDQyIf+7i7yAuP6A==",
      "dependencies": {
        "@aws-sdk/signature-v4-multi-region": "3.370.0",
        "@aws-sdk/types": "3.370.0",
        "@aws-sdk/util-format-url": "3.370.0",
        "@smithy/middleware-endpoint": "^1.0.2",
        "@smithy/protocol-http": "^1.1.0",
        "@smithy/smithy-client": "^1.0.3",
        "@smithy/types": "^1.1.0",
        "tslib": "^2.5.0"
      },
      "engines": {
        "node": ">=14.0.0"
      }
    },
    "node_modules/@aws-sdk/signature-v4-multi-region": {
      "version": "3.370.0",
      "resolved": "https://registry.npmjs.org/@aws-sdk/signature-v4-multi-region/-/signature-v4-multi-region-3.370.0.tgz",
      "integrity": "sha512-Q3NQopPDnHbJXMhtYl0Mfy5U2o76K6tzhdnYRcrYImY0ze/zOkCQI7KPC4588PuyvAXCdQ02cmCPPjYD55UeNg==",
      "dependencies": {
        "@aws-sdk/types": "3.370.0",
        "@smithy/protocol-http": "^1.1.0",
        "@smithy/signature-v4": "^1.0.1",
        "@smithy/types": "^1.1.0",
        "tslib": "^2.5.0"
      },
      "engines": {
        "node": ">=14.0.0"
      },
      "peerDependencies": {
        "@aws-sdk/signature-v4-crt": "^3.118.0"
      },
      "peerDependenciesMeta": {
        "@aws-sdk/signature-v4-crt": {
          "optional": true
        }
      }
    },
    "node_modules/@aws-sdk/types": {
      "version": "3.370.0",
      "resolved": "https://registry.npmjs.org/@aws-sdk/types/-/types-3.370.0.tgz",
      "integrity": "sha512-8PGMKklSkRKjunFhzM2y5Jm0H2TBu7YRNISdYzXLUHKSP9zlMEYagseKVdmox0zKHf1LXVNuSlUV2b6SRrieCQ==",
      "dependencies": {
        "@smithy/types": "^1.1.0",
        "tslib": "^2.5.0"
      },
      "engines": {
        "node": ">=14.0.0"
      }
    },
    "node_modules/@aws-sdk/util-buffer-from": {
      "version": "3.310.0",
      "resolved": "https://registry.npmjs.org/@aws-sdk/util-buffer-from/-/util-buffer-from-3.310.0.tgz",
      "integrity": "sha512-i6LVeXFtGih5Zs8enLrt+ExXY92QV25jtEnTKHsmlFqFAuL3VBeod6boeMXkN2p9lbSVVQ1sAOOYZOHYbYkntw==",
      "dependencies": {
        "@aws-sdk/is-array-buffer": "3.310.0",
        "tslib": "^2.5.0"
      },
      "engines": {
        "node": ">=14.0.0"
      }
    },
    "node_modules/@aws-sdk/util-format-url": {
      "version": "3.370.0",
      "resolved": "https://registry.npmjs.org/@aws-sdk/util-format-url/-/util-format-url-3.370.0.tgz",
      "integrity": "sha512-6ik8UTT5hNlMnATrqWiQWnIZ0EFW8wVsRGyYUYw/geB3lQ+WAWflpJg+gZiJnc5EY4R0aOzRVm02W8EUeH8f5g==",
      "dependencies": {
        "@aws-sdk/types": "3.370.0",
        "@smithy/querystring-builder": "^1.0.1",
        "@smithy/types": "^1.1.0",
        "tslib": "^2.5.0"
      },
      "engines": {
        "node": ">=14.0.0"
      }
    },
    "node_modules/@aws-sdk/util-utf8": {
      "version": "3.310.0",
      "resolved": "https://registry.npmjs.org/@aws-sdk/util-utf8/-/util-utf8-3.310.0.tgz",
      "integrity": "sha512-DnLfFT8uCO22uOJc0pt0DsSNau1GTisngBCDw8jQuWT5CqogMJu4b/uXmwEqfj8B3GX6Xsz8zOd6JpRlPftQoA==",
      "dependencies": {
        "@aws-sdk/util-buffer-from": "3.310.0",
        "tslib": "^2.5.0"
      },
      "engines": {
        "node": ">=14.0.0"
      }
    },
    "node_modules/@aws-sdk/util-utf8-browser": {
      "version": "3.259.0",
      "resolved": "https://registry.npmjs.org/@aws-sdk/util-utf8-browser/-/util-utf8-browser-3.259.0.tgz",
      "integrity": "sha512-UvFa/vR+e19XookZF8RzFZBrw2EUkQWxiBW0yYQAhvk3C+QVGl0H3ouca8LDBlBfQKXwmW3huo/59H8rwb1wJw==",
      "dependencies": {
        "tslib": "^2.3.1"
      }
    },
    "node_modules/@logi.one/rest-client": {
      "version": "0.2.4",
      "resolved": "https://registry.npmjs.org/@logi.one/rest-client/-/rest-client-0.2.4.tgz",
      "integrity": "sha512-8pcsaSKF1C+6M036qyd8chRqKnpspaZjvYXHtFdJViDyV5umy14bmlxq4l6dXzoubDHC2pAfSXZIlfeB/iWk0g==",
      "engines": {
        "node": ">=18.0.0"
      }
    },
    "node_modules/@smithy/abort-controller": {
      "version": "1.0.2",
      "resolved": "https://registry.npmjs.org/@smithy/abort-controller/-/abort-controller-1.0.2.tgz",
      "integrity": "sha512-tb2h0b+JvMee+eAxTmhnyqyNk51UXIK949HnE14lFeezKsVJTB30maan+CO2IMwnig2wVYQH84B5qk6ylmKCuA==",
      "dependencies": {
        "@smithy/types": "^1.1.1",
        "tslib": "^2.5.0"
      },
      "engines": {
        "node": ">=14.0.0"
      }
    },
    "node_modules/@smithy/eventstream-codec": {
      "version": "1.0.2",
      "resolved": "https://registry.npmjs.org/@smithy/eventstream-codec/-/eventstream-codec-1.0.2.tgz",
      "integrity": "sha512-eW/XPiLauR1VAgHKxhVvgvHzLROUgTtqat2lgljztbH8uIYWugv7Nz+SgCavB+hWRazv2iYgqrSy74GvxXq/rg==",
      "dependencies": {
        "@aws-crypto/crc32": "3.0.0",
        "@smithy/types": "^1.1.1",
        "@smithy/util-hex-encoding": "^1.0.2",
        "tslib": "^2.5.0"
      }
    },
    "node_modules/@smithy/fetch-http-handler": {
      "version": "1.0.2",
      "resolved": "https://registry.npmjs.org/@smithy/fetch-http-handler/-/fetch-http-handler-1.0.2.tgz",
      "integrity": "sha512-kynyofLf62LvR8yYphPPdyHb8fWG3LepFinM/vWUTG2Q1pVpmPCM530ppagp3+q2p+7Ox0UvSqldbKqV/d1BpA==",
      "dependencies": {
        "@smithy/protocol-http": "^1.1.1",
        "@smithy/querystring-builder": "^1.0.2",
        "@smithy/types": "^1.1.1",
        "@smithy/util-base64": "^1.0.2",
        "tslib": "^2.5.0"
      }
    },
    "node_modules/@smithy/is-array-buffer": {
      "version": "1.0.2",
      "resolved": "https://registry.npmjs.org/@smithy/is-array-buffer/-/is-array-buffer-1.0.2.tgz",
      "integrity": "sha512-pkyBnsBRpe+c/6ASavqIMRBdRtZNJEVJOEzhpxZ9JoAXiZYbkfaSMRA/O1dUxGdJ653GHONunnZ4xMo/LJ7utQ==",
      "dependencies": {
        "tslib": "^2.5.0"
      },
      "engines": {
        "node": ">=14.0.0"
      }
    },
    "node_modules/@smithy/middleware-endpoint": {
      "version": "1.0.3",
      "resolved": "https://registry.npmjs.org/@smithy/middleware-endpoint/-/middleware-endpoint-1.0.3.tgz",
      "integrity": "sha512-GsWvTXMFjSgl617PCE2km//kIjjtvMRrR2GAuRDIS9sHiLwmkS46VWaVYy+XE7ubEsEtzZ5yK2e8TKDR6Qr5Lw==",
      "dependencies": {
        "@smithy/middleware-serde": "^1.0.2",
        "@smithy/types": "^1.1.1",
        "@smithy/url-parser": "^1.0.2",
        "@smithy/util-middleware": "^1.0.2",
        "tslib": "^2.5.0"
      },
      "engines": {
        "node": ">=14.0.0"
      }
    },
    "node_modules/@smithy/middleware-serde": {
      "version": "1.0.2",
      "resolved": "https://registry.npmjs.org/@smithy/middleware-serde/-/middleware-serde-1.0.2.tgz",
      "integrity": "sha512-T4PcdMZF4xme6koUNfjmSZ1MLi7eoFeYCtodQNQpBNsS77TuJt1A6kt5kP/qxrTvfZHyFlj0AubACoaUqgzPeg==",
      "dependencies": {
        "@smithy/types": "^1.1.1",
        "tslib": "^2.5.0"
      },
      "engines": {
        "node": ">=14.0.0"
      }
    },
    "node_modules/@smithy/middleware-stack": {
      "version": "1.0.2",
      "resolved": "https://registry.npmjs.org/@smithy/middleware-stack/-/middleware-stack-1.0.2.tgz",
      "integrity": "sha512-H7/uAQEcmO+eDqweEFMJ5YrIpsBwmrXSP6HIIbtxKJSQpAcMGY7KrR2FZgZBi1FMnSUOh+rQrbOyj5HQmSeUBA==",
      "dependencies": {
        "tslib": "^2.5.0"
      },
      "engines": {
        "node": ">=14.0.0"
      }
    },
    "node_modules/@smithy/node-http-handler": {
      "version": "1.0.3",
      "resolved": "https://registry.npmjs.org/@smithy/node-http-handler/-/node-http-handler-1.0.3.tgz",
      "integrity": "sha512-PcPUSzTbIb60VCJCiH0PU0E6bwIekttsIEf5Aoo/M0oTfiqsxHTn0Rcij6QoH6qJy6piGKXzLSegspXg5+Kq6g==",
      "dependencies": {
        "@smithy/abort-controller": "^1.0.2",
        "@smithy/protocol-http": "^1.1.1",
        "@smithy/querystring-builder": "^1.0.2",
        "@smithy/types": "^1.1.1",
        "tslib": "^2.5.0"
      },
      "engines": {
        "node": ">=14.0.0"
      }
    },
    "node_modules/@smithy/protocol-http": {
      "version": "1.1.1",
      "resolved": "https://registry.npmjs.org/@smithy/protocol-http/-/protocol-http-1.1.1.tgz",
      "integrity": "sha512-mFLFa2sSvlUxm55U7B4YCIsJJIMkA6lHxwwqOaBkral1qxFz97rGffP/mmd4JDuin1EnygiO5eNJGgudiUgmDQ==",
      "dependencies": {
        "@smithy/types": "^1.1.1",
        "tslib": "^2.5.0"
      },
      "engines": {
        "node": ">=14.0.0"
      }
    },
    "node_modules/@smithy/querystring-builder": {
      "version": "1.0.2",
      "resolved": "https://registry.npmjs.org/@smithy/querystring-builder/-/querystring-builder-1.0.2.tgz",
      "integrity": "sha512-6P/xANWrtJhMzTPUR87AbXwSBuz1SDHIfL44TFd/GT3hj6rA+IEv7rftEpPjayUiWRocaNnrCPLvmP31mobOyA==",
      "dependencies": {
        "@smithy/types": "^1.1.1",
        "@smithy/util-uri-escape": "^1.0.2",
        "tslib": "^2.5.0"
      },
      "engines": {
        "node": ">=14.0.0"
      }
    },
    "node_modules/@smithy/querystring-parser": {
      "version": "1.0.2",
      "resolved": "https://registry.npmjs.org/@smithy/querystring-parser/-/querystring-parser-1.0.2.tgz",
      "integrity": "sha512-IWxwxjn+KHWRRRB+K2Ngl+plTwo2WSgc2w+DvLy0DQZJh9UGOpw40d6q97/63GBlXIt4TEt5NbcFrO30CKlrsA==",
      "dependencies": {
        "@smithy/types": "^1.1.1",
        "tslib": "^2.5.0"
      },
      "engines": {
        "node": ">=14.0.0"
      }
    },
    "node_modules/@smithy/signature-v4": {
      "version": "1.0.2",
      "resolved": "https://registry.npmjs.org/@smithy/signature-v4/-/signature-v4-1.0.2.tgz",
      "integrity": "sha512-rpKUhmCuPmpV5dloUkOb9w1oBnJatvKQEjIHGmkjRGZnC3437MTdzWej9TxkagcZ8NRRJavYnEUixzxM1amFig==",
      "dependencies": {
        "@smithy/eventstream-codec": "^1.0.2",
        "@smithy/is-array-buffer": "^1.0.2",
        "@smithy/types": "^1.1.1",
        "@smithy/util-hex-encoding": "^1.0.2",
        "@smithy/util-middleware": "^1.0.2",
        "@smithy/util-uri-escape": "^1.0.2",
        "@smithy/util-utf8": "^1.0.2",
        "tslib": "^2.5.0"
      },
      "engines": {
        "node": ">=14.0.0"
      }
    },
    "node_modules/@smithy/smithy-client": {
      "version": "1.0.4",
      "resolved": "https://registry.npmjs.org/@smithy/smithy-client/-/smithy-client-1.0.4.tgz",
      "integrity": "sha512-gpo0Xl5Nyp9sgymEfpt7oa9P2q/GlM3VmQIdm+FeH0QEdYOQx3OtvwVmBYAMv2FIPWxkMZlsPYRTnEiBTK5TYg==",
      "dependencies": {
        "@smithy/middleware-stack": "^1.0.2",
        "@smithy/types": "^1.1.1",
        "@smithy/util-stream": "^1.0.2",
        "tslib": "^2.5.0"
      },
      "engines": {
        "node": ">=14.0.0"
      }
    },
    "node_modules/@smithy/types": {
      "version": "1.1.1",
      "resolved": "https://registry.npmjs.org/@smithy/types/-/types-1.1.1.tgz",
      "integrity": "sha512-tMpkreknl2gRrniHeBtdgQwaOlo39df8RxSrwsHVNIGXULy5XP6KqgScUw2m12D15wnJCKWxVhCX+wbrBW/y7g==",
      "dependencies": {
        "tslib": "^2.5.0"
      },
      "engines": {
        "node": ">=14.0.0"
      }
    },
    "node_modules/@smithy/url-parser": {
      "version": "1.0.2",
      "resolved": "https://registry.npmjs.org/@smithy/url-parser/-/url-parser-1.0.2.tgz",
      "integrity": "sha512-0JRsDMQe53F6EHRWksdcavKDRjyqp8vrjakg8EcCUOa7PaFRRB1SO/xGZdzSlW1RSTWQDEksFMTCEcVEKmAoqA==",
      "dependencies": {
        "@smithy/querystring-parser": "^1.0.2",
        "@smithy/types": "^1.1.1",
        "tslib": "^2.5.0"
      }
    },
    "node_modules/@smithy/util-base64": {
      "version": "1.0.2",
      "resolved": "https://registry.npmjs.org/@smithy/util-base64/-/util-base64-1.0.2.tgz",
      "integrity": "sha512-BCm15WILJ3SL93nusoxvJGMVfAMWHZhdeDZPtpAaskozuexd0eF6szdz4kbXaKp38bFCSenA6bkUHqaE3KK0dA==",
      "dependencies": {
        "@smithy/util-buffer-from": "^1.0.2",
        "tslib": "^2.5.0"
      },
      "engines": {
        "node": ">=14.0.0"
      }
    },
    "node_modules/@smithy/util-buffer-from": {
      "version": "1.0.2",
      "resolved": "https://registry.npmjs.org/@smithy/util-buffer-from/-/util-buffer-from-1.0.2.tgz",
      "integrity": "sha512-lHAYIyrBO9RANrPvccnPjU03MJnWZ66wWuC5GjWWQVfsmPwU6m00aakZkzHdUT6tGCkGacXSgArP5wgTgA+oCw==",
      "dependencies": {
        "@smithy/is-array-buffer": "^1.0.2",
        "tslib": "^2.5.0"
      },
      "engines": {
        "node": ">=14.0.0"
      }
    },
    "node_modules/@smithy/util-hex-encoding": {
      "version": "1.0.2",
      "resolved": "https://registry.npmjs.org/@smithy/util-hex-encoding/-/util-hex-encoding-1.0.2.tgz",
      "integrity": "sha512-Bxydb5rMJorMV6AuDDMOxro3BMDdIwtbQKHpwvQFASkmr52BnpDsWlxgpJi8Iq7nk1Bt4E40oE1Isy/7ubHGzg==",
      "dependencies": {
        "tslib": "^2.5.0"
      },
      "engines": {
        "node": ">=14.0.0"
      }
    },
    "node_modules/@smithy/util-middleware": {
      "version": "1.0.2",
      "resolved": "https://registry.npmjs.org/@smithy/util-middleware/-/util-middleware-1.0.2.tgz",
      "integrity": "sha512-vtXK7GOR2BoseCX8NCGe9SaiZrm9M2lm/RVexFGyPuafTtry9Vyv7hq/vw8ifd/G/pSJ+msByfJVb1642oQHKw==",
      "dependencies": {
        "tslib": "^2.5.0"
      },
      "engines": {
        "node": ">=14.0.0"
      }
    },
    "node_modules/@smithy/util-stream": {
      "version": "1.0.2",
      "resolved": "https://registry.npmjs.org/@smithy/util-stream/-/util-stream-1.0.2.tgz",
      "integrity": "sha512-qyN2M9QFMTz4UCHi6GnBfLOGYKxQZD01Ga6nzaXFFC51HP/QmArU72e4kY50Z/EtW8binPxspP2TAsGbwy9l3A==",
      "dependencies": {
        "@smithy/fetch-http-handler": "^1.0.2",
        "@smithy/node-http-handler": "^1.0.3",
        "@smithy/types": "^1.1.1",
        "@smithy/util-base64": "^1.0.2",
        "@smithy/util-buffer-from": "^1.0.2",
        "@smithy/util-hex-encoding": "^1.0.2",
        "@smithy/util-utf8": "^1.0.2",
        "tslib": "^2.5.0"
      },
      "engines": {
        "node": ">=14.0.0"
      }
    },
    "node_modules/@smithy/util-uri-escape": {
      "version": "1.0.2",
      "resolved": "https://registry.npmjs.org/@smithy/util-uri-escape/-/util-uri-escape-1.0.2.tgz",
      "integrity": "sha512-k8C0BFNS9HpBMHSgUDnWb1JlCQcFG+PPlVBq9keP4Nfwv6a9Q0yAfASWqUCtzjuMj1hXeLhn/5ADP6JxnID1Pg==",
      "dependencies": {
        "tslib": "^2.5.0"
      },
      "engines": {
        "node": ">=14.0.0"
      }
    },
    "node_modules/@smithy/util-utf8": {
      "version": "1.0.2",
      "resolved": "https://registry.npmjs.org/@smithy/util-utf8/-/util-utf8-1.0.2.tgz",
      "integrity": "sha512-V4cyjKfJlARui0dMBfWJMQAmJzoW77i4N3EjkH/bwnE2Ngbl4tqD2Y0C/xzpzY/J1BdxeCKxAebVFk8aFCaSCw==",
      "dependencies": {
        "@smithy/util-buffer-from": "^1.0.2",
        "tslib": "^2.5.0"
      },
      "engines": {
        "node": ">=14.0.0"
      }
    },
    "node_modules/tslib": {
      "version": "2.6.0",
      "resolved": "https://registry.npmjs.org/tslib/-/tslib-2.6.0.tgz",
      "integrity": "sha512-7At1WUettjcSRHXCyYtTselblcHl9PJFFVKiCAy/bY97+BPZXSQ2wbq0P9s8tK2G7dFQfNnlJnPAiArVBVBsfA=="
    }
  }
}
